
Microsoft Visual Studio Solution File, Format Version 12.00
# Visual Studio Version 16
VisualStudioVersion = 16.0.30611.23
MinimumVisualStudioVersion = 10.0.40219.1
Project("{FAE04EC0-301F-11D3-BF4B-00C04F79EFBC}") = "SULS", "SULS\SULS.csproj", "{D9949F75-784E-4F70-A736-80F05DC9986D}"
EndProject
Project("{9A19103F-16F7-4668-BE54-9A1E7A4F7556}") = "SUS.HTTP", "..\SUS.HTTP\SUS.HTTP.csproj", "{0AAAF0AD-FB6E-48DD-9252-7A791689D573}"
EndProject
Project("{9A19103F-16F7-4668-BE54-9A1E7A4F7556}") = "SUS.MvcFramework", "..\SUS.MvcFramework\SUS.MvcFramework.csproj", "{02135021-4C05-4262-8A49-D491BC2A069F}"
EndProject
Global
	GlobalSection(SolutionConfigurationPlatforms) = preSolution
		Debug|Any CPU = Debug|Any CPU
		Release|Any CPU = Release|Any CPU
	EndGlobalSection
	GlobalSection(ProjectConfigurationPlatforms) = postSolution
		{D9949F75-784E-4F70-A736-80F05DC9986D}.Debug|Any CPU.ActiveCfg = Debug|Any CPU
		{D9949F75-784E-4F70-A736-80F05DC9986D}.Debug|Any CPU.Build.0 = Debug|Any CPU
		{D9949F75-784E-4F70-A736-80F05DC9986D}.Release|Any CPU.ActiveCfg = Release|Any CPU
		{D9949F75-784E-4F70-A736-80F05DC9986D}.Release|Any CPU.Build.0 = Release|Any CPU
		{0AAAF0AD-FB6E-48DD-9252-7A791689D573}.Debug|Any CPU.ActiveCfg = Debug|Any CPU
		{0AAAF0AD-FB6E-48DD-9252-7A791689D573}.Debug|Any CPU.Build.0 = Debug|Any CPU
		{0AAAF0AD-FB6E-48DD-9252-7A791689D573}.Release|Any CPU.ActiveCfg = Release|Any CPU
		{0AAAF0AD-FB6E-48DD-9252-7A791689D573}.Release|Any CPU.Build.0 = Release|Any CPU
		{02135021-4C05-4262-8A49-D491BC2A069F}.Debug|Any CPU.ActiveCfg = Debug|Any CPU
		{02135021-4C05-4262-8A49-D491BC2A069F}.Debug|Any CPU.Build.0 = Debug|Any CPU
		{02135021-4C05-4262-8A49-D491BC2A069F}.Release|Any CPU.ActiveCfg = Release|Any CPU
		{02135021-4C05-4262-8A49-D491BC2A069F}.Release|Any CPU.Build.0 = Release|Any CPU
	EndGlobalSection
	GlobalSection(SolutionProperties) = preSolution
		HideSolutionNode = FALSE
	EndGlobalSection
	GlobalSection(ExtensibilityGlobals) = postSolution
		SolutionGuid = {58C7154A-D436-423C-B4F0-478466BC04ED}
	EndGlobalSection
EndGlobal
